// !$*UTF8*$!
{
	archiveVersion = 1;
	classes = {
	};
	objectVersion = 46;
	objects = {

/* Begin PBXBuildFile section */
		9453B7B11D3811A4004B67D0 /* AppDelegate.swift in Sources */ = {isa = PBXBuildFile; fileRef = 9453B7B01D3811A4004B67D0 /* AppDelegate.swift */; };
		9453B7B81D3811A4004B67D0 /* Main.storyboard in Resources */ = {isa = PBXBuildFile; fileRef = 9453B7B61D3811A4004B67D0 /* Main.storyboard */; };
		9453B7BA1D3811A4004B67D0 /* Assets.xcassets in Resources */ = {isa = PBXBuildFile; fileRef = 9453B7B91D3811A4004B67D0 /* Assets.xcassets */; };
		9453B7BD1D3811A4004B67D0 /* LaunchScreen.storyboard in Resources */ = {isa = PBXBuildFile; fileRef = 9453B7BB1D3811A4004B67D0 /* LaunchScreen.storyboard */; };
		94B0C7541D383AA600E30E46 /* SavedLocationCell.swift in Sources */ = {isa = PBXBuildFile; fileRef = 94B0C7521D383AA600E30E46 /* SavedLocationCell.swift */; };
		94B0C7551D383AA600E30E46 /* SavedLocationCell.xib in Resources */ = {isa = PBXBuildFile; fileRef = 94B0C7531D383AA600E30E46 /* SavedLocationCell.xib */; };
		94B0C7581D383D9C00E30E46 /* AddLocationCell.swift in Sources */ = {isa = PBXBuildFile; fileRef = 94B0C7561D383D9C00E30E46 /* AddLocationCell.swift */; };
		94B0C7591D383D9C00E30E46 /* AddLocationCell.xib in Resources */ = {isa = PBXBuildFile; fileRef = 94B0C7571D383D9C00E30E46 /* AddLocationCell.xib */; };
		94BF00751D38155C00BD2C83 /* ISSTrackerTests.swift in Sources */ = {isa = PBXBuildFile; fileRef = 94BF00741D38155C00BD2C83 /* ISSTrackerTests.swift */; };
		94BF007D1D3815D500BD2C83 /* Request.swift in Sources */ = {isa = PBXBuildFile; fileRef = 94BF007C1D3815D500BD2C83 /* Request.swift */; };
		94BF007F1D38165C00BD2C83 /* ISSRequest.swift in Sources */ = {isa = PBXBuildFile; fileRef = 94BF007E1D38165C00BD2C83 /* ISSRequest.swift */; };
		94BF00811D3818AB00BD2C83 /* NetworkController.swift in Sources */ = {isa = PBXBuildFile; fileRef = 94BF00801D3818AA00BD2C83 /* NetworkController.swift */; };
		94BF00841D381A9100BD2C83 /* LocationPass.swift in Sources */ = {isa = PBXBuildFile; fileRef = 94BF00831D381A9100BD2C83 /* LocationPass.swift */; };
		94F3687E1D381D38000272D2 /* CurrentISSPosition.swift in Sources */ = {isa = PBXBuildFile; fileRef = 94F3687D1D381D38000272D2 /* CurrentISSPosition.swift */; };
		94F368801D381E73000272D2 /* ModelObjectUpdater.swift in Sources */ = {isa = PBXBuildFile; fileRef = 94F3687F1D381E73000272D2 /* ModelObjectUpdater.swift */; };
		94F368821D381E94000272D2 /* Parseable.swift in Sources */ = {isa = PBXBuildFile; fileRef = 94F368811D381E94000272D2 /* Parseable.swift */; };
		94F368841D381EDE000272D2 /* Result.swift in Sources */ = {isa = PBXBuildFile; fileRef = 94F368831D381EDE000272D2 /* Result.swift */; };
		94F368891D382075000272D2 /* LocationPassParser.swift in Sources */ = {isa = PBXBuildFile; fileRef = 94F368881D382075000272D2 /* LocationPassParser.swift */; };
		94F3688B1D38264E000272D2 /* PassTime.swift in Sources */ = {isa = PBXBuildFile; fileRef = 94F3688A1D38264E000272D2 /* PassTime.swift */; };
		94F3688D1D382DA8000272D2 /* CurrentISSPositionParser.swift in Sources */ = {isa = PBXBuildFile; fileRef = 94F3688C1D382DA8000272D2 /* CurrentISSPositionParser.swift */; };
		94F368901D38316E000272D2 /* InfoViewController.swift in Sources */ = {isa = PBXBuildFile; fileRef = 94F3688F1D38316E000272D2 /* InfoViewController.swift */; };
		9CF1193C28862EC83D5BC83E /* Pods_ISSTracker.framework in Frameworks */ = {isa = PBXBuildFile; fileRef = 6E7DCFCE511D0F50D7678A3B /* Pods_ISSTracker.framework */; };
/* End PBXBuildFile section */

/* Begin PBXContainerItemProxy section */
		94BF00771D38155C00BD2C83 /* PBXContainerItemProxy */ = {
			isa = PBXContainerItemProxy;
			containerPortal = 9453B7A51D3811A3004B67D0 /* Project object */;
			proxyType = 1;
			remoteGlobalIDString = 9453B7AC1D3811A3004B67D0;
			remoteInfo = ISSTracker;
		};
/* End PBXContainerItemProxy section */

/* Begin PBXFileReference section */
		18E28C8AC61D6978BA708FB9 /* Pods-ISSTracker.release.xcconfig */ = {isa = PBXFileReference; includeInIndex = 1; lastKnownFileType = text.xcconfig; name = "Pods-ISSTracker.release.xcconfig"; path = "Pods/Target Support Files/Pods-ISSTracker/Pods-ISSTracker.release.xcconfig"; sourceTree = "<group>"; };
		6E7DCFCE511D0F50D7678A3B /* Pods_ISSTracker.framework */ = {isa = PBXFileReference; explicitFileType = wrapper.framework; includeInIndex = 0; path = Pods_ISSTracker.framework; sourceTree = BUILT_PRODUCTS_DIR; };
		9453B7AD1D3811A3004B67D0 /* ISSTracker.app */ = {isa = PBXFileReference; explicitFileType = wrapper.application; includeInIndex = 0; path = ISSTracker.app; sourceTree = BUILT_PRODUCTS_DIR; };
		9453B7B01D3811A4004B67D0 /* AppDelegate.swift */ = {isa = PBXFileReference; lastKnownFileType = sourcecode.swift; path = AppDelegate.swift; sourceTree = "<group>"; };
		9453B7B71D3811A4004B67D0 /* Base */ = {isa = PBXFileReference; lastKnownFileType = file.storyboard; name = Base; path = Base.lproj/Main.storyboard; sourceTree = "<group>"; };
		9453B7B91D3811A4004B67D0 /* Assets.xcassets */ = {isa = PBXFileReference; lastKnownFileType = folder.assetcatalog; path = Assets.xcassets; sourceTree = "<group>"; };
		9453B7BC1D3811A4004B67D0 /* Base */ = {isa = PBXFileReference; lastKnownFileType = file.storyboard; name = Base; path = Base.lproj/LaunchScreen.storyboard; sourceTree = "<group>"; };
		9453B7BE1D3811A4004B67D0 /* Info.plist */ = {isa = PBXFileReference; lastKnownFileType = text.plist.xml; path = Info.plist; sourceTree = "<group>"; };
		94B0C7521D383AA600E30E46 /* SavedLocationCell.swift */ = {isa = PBXFileReference; fileEncoding = 4; lastKnownFileType = sourcecode.swift; path = SavedLocationCell.swift; sourceTree = "<group>"; };
		94B0C7531D383AA600E30E46 /* SavedLocationCell.xib */ = {isa = PBXFileReference; fileEncoding = 4; lastKnownFileType = file.xib; path = SavedLocationCell.xib; sourceTree = "<group>"; };
		94B0C7561D383D9C00E30E46 /* AddLocationCell.swift */ = {isa = PBXFileReference; fileEncoding = 4; lastKnownFileType = sourcecode.swift; path = AddLocationCell.swift; sourceTree = "<group>"; };
		94B0C7571D383D9C00E30E46 /* AddLocationCell.xib */ = {isa = PBXFileReference; fileEncoding = 4; lastKnownFileType = file.xib; path = AddLocationCell.xib; sourceTree = "<group>"; };
		94BF00721D38155C00BD2C83 /* ISSTrackerTests.xctest */ = {isa = PBXFileReference; explicitFileType = wrapper.cfbundle; includeInIndex = 0; path = ISSTrackerTests.xctest; sourceTree = BUILT_PRODUCTS_DIR; };
		94BF00741D38155C00BD2C83 /* ISSTrackerTests.swift */ = {isa = PBXFileReference; lastKnownFileType = sourcecode.swift; path = ISSTrackerTests.swift; sourceTree = "<group>"; };
		94BF00761D38155C00BD2C83 /* Info.plist */ = {isa = PBXFileReference; lastKnownFileType = text.plist.xml; path = Info.plist; sourceTree = "<group>"; };
		94BF007C1D3815D500BD2C83 /* Request.swift */ = {isa = PBXFileReference; fileEncoding = 4; lastKnownFileType = sourcecode.swift; path = Request.swift; sourceTree = "<group>"; };
		94BF007E1D38165C00BD2C83 /* ISSRequest.swift */ = {isa = PBXFileReference; fileEncoding = 4; lastKnownFileType = sourcecode.swift; path = ISSRequest.swift; sourceTree = "<group>"; };
		94BF00801D3818AA00BD2C83 /* NetworkController.swift */ = {isa = PBXFileReference; fileEncoding = 4; lastKnownFileType = sourcecode.swift; path = NetworkController.swift; sourceTree = "<group>"; };
		94BF00831D381A9100BD2C83 /* LocationPass.swift */ = {isa = PBXFileReference; fileEncoding = 4; lastKnownFileType = sourcecode.swift; path = LocationPass.swift; sourceTree = "<group>"; };
		94F3687D1D381D38000272D2 /* CurrentISSPosition.swift */ = {isa = PBXFileReference; fileEncoding = 4; lastKnownFileType = sourcecode.swift; path = CurrentISSPosition.swift; sourceTree = "<group>"; };
		94F3687F1D381E73000272D2 /* ModelObjectUpdater.swift */ = {isa = PBXFileReference; fileEncoding = 4; lastKnownFileType = sourcecode.swift; path = ModelObjectUpdater.swift; sourceTree = "<group>"; };
		94F368811D381E94000272D2 /* Parseable.swift */ = {isa = PBXFileReference; fileEncoding = 4; lastKnownFileType = sourcecode.swift; path = Parseable.swift; sourceTree = "<group>"; };
		94F368831D381EDE000272D2 /* Result.swift */ = {isa = PBXFileReference; fileEncoding = 4; lastKnownFileType = sourcecode.swift; path = Result.swift; sourceTree = "<group>"; };
		94F368881D382075000272D2 /* LocationPassParser.swift */ = {isa = PBXFileReference; fileEncoding = 4; lastKnownFileType = sourcecode.swift; path = LocationPassParser.swift; sourceTree = "<group>"; };
		94F3688A1D38264E000272D2 /* PassTime.swift */ = {isa = PBXFileReference; fileEncoding = 4; lastKnownFileType = sourcecode.swift; path = PassTime.swift; sourceTree = "<group>"; };
		94F3688C1D382DA8000272D2 /* CurrentISSPositionParser.swift */ = {isa = PBXFileReference; fileEncoding = 4; lastKnownFileType = sourcecode.swift; path = CurrentISSPositionParser.swift; sourceTree = "<group>"; };
		94F3688F1D38316E000272D2 /* InfoViewController.swift */ = {isa = PBXFileReference; fileEncoding = 4; lastKnownFileType = sourcecode.swift; path = InfoViewController.swift; sourceTree = "<group>"; };
		D962FDDB23F4AEB0FDF44DBD /* Pods-ISSTracker.debug.xcconfig */ = {isa = PBXFileReference; includeInIndex = 1; lastKnownFileType = text.xcconfig; name = "Pods-ISSTracker.debug.xcconfig"; path = "Pods/Target Support Files/Pods-ISSTracker/Pods-ISSTracker.debug.xcconfig"; sourceTree = "<group>"; };
/* End PBXFileReference section */

/* Begin PBXFrameworksBuildPhase section */
		9453B7AA1D3811A3004B67D0 /* Frameworks */ = {
			isa = PBXFrameworksBuildPhase;
			buildActionMask = 2147483647;
			files = (
				9CF1193C28862EC83D5BC83E /* Pods_ISSTracker.framework in Frameworks */,
			);
			runOnlyForDeploymentPostprocessing = 0;
		};
		94BF006F1D38155C00BD2C83 /* Frameworks */ = {
			isa = PBXFrameworksBuildPhase;
			buildActionMask = 2147483647;
			files = (
			);
			runOnlyForDeploymentPostprocessing = 0;
		};
/* End PBXFrameworksBuildPhase section */

/* Begin PBXGroup section */
		8F1A713B169B840BB253EB4A /* Frameworks */ = {
			isa = PBXGroup;
			children = (
				6E7DCFCE511D0F50D7678A3B /* Pods_ISSTracker.framework */,
			);
			name = Frameworks;
			sourceTree = "<group>";
		};
		9453B7A41D3811A3004B67D0 = {
			isa = PBXGroup;
			children = (
				9453B7AF1D3811A4004B67D0 /* ISSTracker */,
				94BF00731D38155C00BD2C83 /* ISSTrackerTests */,
				9453B7AE1D3811A3004B67D0 /* Products */,
				E2BCF112981F40652F302AD4 /* Pods */,
				8F1A713B169B840BB253EB4A /* Frameworks */,
			);
			sourceTree = "<group>";
		};
		9453B7AE1D3811A3004B67D0 /* Products */ = {
			isa = PBXGroup;
			children = (
				9453B7AD1D3811A3004B67D0 /* ISSTracker.app */,
				94BF00721D38155C00BD2C83 /* ISSTrackerTests.xctest */,
			);
			name = Products;
			sourceTree = "<group>";
		};
		9453B7AF1D3811A4004B67D0 /* ISSTracker */ = {
			isa = PBXGroup;
			children = (
				9453B7B01D3811A4004B67D0 /* AppDelegate.swift */,
				9453B7B61D3811A4004B67D0 /* Main.storyboard */,
				94B0C7521D383AA600E30E46 /* SavedLocationCell.swift */,
				94B0C7531D383AA600E30E46 /* SavedLocationCell.xib */,
				94B0C7561D383D9C00E30E46 /* AddLocationCell.swift */,
				94B0C7571D383D9C00E30E46 /* AddLocationCell.xib */,
				94F3688F1D38316E000272D2 /* InfoViewController.swift */,
				9453B7B91D3811A4004B67D0 /* Assets.xcassets */,
				9453B7BB1D3811A4004B67D0 /* LaunchScreen.storyboard */,
				94F3687F1D381E73000272D2 /* ModelObjectUpdater.swift */,
				94F368851D382008000272D2 /* Objects */,
				94F3688E1D382EE7000272D2 /* Parsing */,
				94BF00821D381A1900BD2C83 /* Networking */,
				9453B7BE1D3811A4004B67D0 /* Info.plist */,
			);
			path = ISSTracker;
			sourceTree = "<group>";
		};
		94BF00731D38155C00BD2C83 /* ISSTrackerTests */ = {
			isa = PBXGroup;
			children = (
				94BF00741D38155C00BD2C83 /* ISSTrackerTests.swift */,
				94BF00761D38155C00BD2C83 /* Info.plist */,
			);
			path = ISSTrackerTests;
			sourceTree = "<group>";
		};
		94BF00821D381A1900BD2C83 /* Networking */ = {
			isa = PBXGroup;
			children = (
				94F368831D381EDE000272D2 /* Result.swift */,
				94BF007C1D3815D500BD2C83 /* Request.swift */,
				94BF007E1D38165C00BD2C83 /* ISSRequest.swift */,
				94BF00801D3818AA00BD2C83 /* NetworkController.swift */,
			);
			name = Networking;
			sourceTree = "<group>";
		};
		94F368851D382008000272D2 /* Objects */ = {
			isa = PBXGroup;
			children = (
				94F3687D1D381D38000272D2 /* CurrentISSPosition.swift */,
				94BF00831D381A9100BD2C83 /* LocationPass.swift */,
				94F3688A1D38264E000272D2 /* PassTime.swift */,
			);
			name = Objects;
			sourceTree = "<group>";
		};
		94F3688E1D382EE7000272D2 /* Parsing */ = {
			isa = PBXGroup;
			children = (
				94F368881D382075000272D2 /* LocationPassParser.swift */,
				94F3688C1D382DA8000272D2 /* CurrentISSPositionParser.swift */,
				94F368811D381E94000272D2 /* Parseable.swift */,
			);
			name = Parsing;
			sourceTree = "<group>";
		};
		E2BCF112981F40652F302AD4 /* Pods */ = {
			isa = PBXGroup;
			children = (
				D962FDDB23F4AEB0FDF44DBD /* Pods-ISSTracker.debug.xcconfig */,
				18E28C8AC61D6978BA708FB9 /* Pods-ISSTracker.release.xcconfig */,
			);
			name = Pods;
			sourceTree = "<group>";
		};
/* End PBXGroup section */

/* Begin PBXNativeTarget section */
		9453B7AC1D3811A3004B67D0 /* ISSTracker */ = {
			isa = PBXNativeTarget;
			buildConfigurationList = 9453B7CC1D3811A4004B67D0 /* Build configuration list for PBXNativeTarget "ISSTracker" */;
			buildPhases = (
				499DF0F42C3351E57DCA160C /* [CP] Check Pods Manifest.lock */,
				9453B7A91D3811A3004B67D0 /* Sources */,
				9453B7AA1D3811A3004B67D0 /* Frameworks */,
				9453B7AB1D3811A3004B67D0 /* Resources */,
				9D0AF5C3273868E46BDF9B0C /* [CP] Embed Pods Frameworks */,
				33E98D7D5458B82C5593054B /* [CP] Copy Pods Resources */,
			);
			buildRules = (
			);
			dependencies = (
			);
			name = ISSTracker;
			productName = ISSTracker;
			productReference = 9453B7AD1D3811A3004B67D0 /* ISSTracker.app */;
			productType = "com.apple.product-type.application";
		};
		94BF00711D38155C00BD2C83 /* ISSTrackerTests */ = {
			isa = PBXNativeTarget;
			buildConfigurationList = 94BF00791D38155C00BD2C83 /* Build configuration list for PBXNativeTarget "ISSTrackerTests" */;
			buildPhases = (
				94BF006E1D38155C00BD2C83 /* Sources */,
				94BF006F1D38155C00BD2C83 /* Frameworks */,
				94BF00701D38155C00BD2C83 /* Resources */,
			);
			buildRules = (
			);
			dependencies = (
				94BF00781D38155C00BD2C83 /* PBXTargetDependency */,
			);
			name = ISSTrackerTests;
			productName = ISSTrackerTests;
			productReference = 94BF00721D38155C00BD2C83 /* ISSTrackerTests.xctest */;
			productType = "com.apple.product-type.bundle.unit-test";
		};
/* End PBXNativeTarget section */

/* Begin PBXProject section */
		9453B7A51D3811A3004B67D0 /* Project object */ = {
			isa = PBXProject;
			attributes = {
				LastSwiftUpdateCheck = 0730;
				LastUpgradeCheck = 0730;
				ORGANIZATIONNAME = BothPoints;
				TargetAttributes = {
					9453B7AC1D3811A3004B67D0 = {
						CreatedOnToolsVersion = 7.3.1;
					};
					94BF00711D38155C00BD2C83 = {
						CreatedOnToolsVersion = 7.3.1;
						TestTargetID = 9453B7AC1D3811A3004B67D0;
					};
				};
			};
			buildConfigurationList = 9453B7A81D3811A3004B67D0 /* Build configuration list for PBXProject "ISSTracker" */;
			compatibilityVersion = "Xcode 3.2";
			developmentRegion = English;
			hasScannedForEncodings = 0;
			knownRegions = (
				en,
				Base,
			);
			mainGroup = 9453B7A41D3811A3004B67D0;
			productRefGroup = 9453B7AE1D3811A3004B67D0 /* Products */;
			projectDirPath = "";
			projectRoot = "";
			targets = (
				9453B7AC1D3811A3004B67D0 /* ISSTracker */,
				94BF00711D38155C00BD2C83 /* ISSTrackerTests */,
			);
		};
/* End PBXProject section */

/* Begin PBXResourcesBuildPhase section */
		9453B7AB1D3811A3004B67D0 /* Resources */ = {
			isa = PBXResourcesBuildPhase;
			buildActionMask = 2147483647;
			files = (
				9453B7BD1D3811A4004B67D0 /* LaunchScreen.storyboard in Resources */,
				9453B7BA1D3811A4004B67D0 /* Assets.xcassets in Resources */,
				94B0C7591D383D9C00E30E46 /* AddLocationCell.xib in Resources */,
				94B0C7551D383AA600E30E46 /* SavedLocationCell.xib in Resources */,
				9453B7B81D3811A4004B67D0 /* Main.storyboard in Resources */,
			);
			runOnlyForDeploymentPostprocessing = 0;
		};
		94BF00701D38155C00BD2C83 /* Resources */ = {
			isa = PBXResourcesBuildPhase;
			buildActionMask = 2147483647;
			files = (
			);
			runOnlyForDeploymentPostprocessing = 0;
		};
/* End PBXResourcesBuildPhase section */

/* Begin PBXShellScriptBuildPhase section */
		33E98D7D5458B82C5593054B /* [CP] Copy Pods Resources */ = {
			isa = PBXShellScriptBuildPhase;
			buildActionMask = 2147483647;
			files = (
			);
			inputPaths = (
			);
			name = "[CP] Copy Pods Resources";
			outputPaths = (
			);
			runOnlyForDeploymentPostprocessing = 0;
			shellPath = /bin/sh;
			shellScript = "\"${SRCROOT}/Pods/Target Support Files/Pods-ISSTracker/Pods-ISSTracker-resources.sh\"\n";
			showEnvVarsInLog = 0;
		};
		499DF0F42C3351E57DCA160C /* [CP] Check Pods Manifest.lock */ = {
			isa = PBXShellScriptBuildPhase;
			buildActionMask = 2147483647;
			files = (
			);
			inputPaths = (
			);
			name = "[CP] Check Pods Manifest.lock";
			outputPaths = (
			);
			runOnlyForDeploymentPostprocessing = 0;
			shellPath = /bin/sh;
			shellScript = "diff \"${PODS_ROOT}/../Podfile.lock\" \"${PODS_ROOT}/Manifest.lock\" > /dev/null\nif [[ $? != 0 ]] ; then\n    cat << EOM\nerror: The sandbox is not in sync with the Podfile.lock. Run 'pod install' or update your CocoaPods installation.\nEOM\n    exit 1\nfi\n";
			showEnvVarsInLog = 0;
		};
		9D0AF5C3273868E46BDF9B0C /* [CP] Embed Pods Frameworks */ = {
			isa = PBXShellScriptBuildPhase;
			buildActionMask = 2147483647;
			files = (
			);
			inputPaths = (
			);
			name = "[CP] Embed Pods Frameworks";
			outputPaths = (
			);
			runOnlyForDeploymentPostprocessing = 0;
			shellPath = /bin/sh;
			shellScript = "\"${SRCROOT}/Pods/Target Support Files/Pods-ISSTracker/Pods-ISSTracker-frameworks.sh\"\n";
			showEnvVarsInLog = 0;
		};
/* End PBXShellScriptBuildPhase section */

/* Begin PBXSourcesBuildPhase section */
		9453B7A91D3811A3004B67D0 /* Sources */ = {
			isa = PBXSourcesBuildPhase;
			buildActionMask = 2147483647;
			files = (
				94F368841D381EDE000272D2 /* Result.swift in Sources */,
				94F3688D1D382DA8000272D2 /* CurrentISSPositionParser.swift in Sources */,
				94BF00841D381A9100BD2C83 /* LocationPass.swift in Sources */,
				94F368821D381E94000272D2 /* Parseable.swift in Sources */,
				94BF00811D3818AB00BD2C83 /* NetworkController.swift in Sources */,
				94F368891D382075000272D2 /* LocationPassParser.swift in Sources */,
				94B0C7581D383D9C00E30E46 /* AddLocationCell.swift in Sources */,
				94F368801D381E73000272D2 /* ModelObjectUpdater.swift in Sources */,
				94BF007F1D38165C00BD2C83 /* ISSRequest.swift in Sources */,
				9453B7B11D3811A4004B67D0 /* AppDelegate.swift in Sources */,
				94F368901D38316E000272D2 /* InfoViewController.swift in Sources */,
				94B0C7541D383AA600E30E46 /* SavedLocationCell.swift in Sources */,
				94F3687E1D381D38000272D2 /* CurrentISSPosition.swift in Sources */,
				94BF007D1D3815D500BD2C83 /* Request.swift in Sources */,
				94F3688B1D38264E000272D2 /* PassTime.swift in Sources */,
			);
			runOnlyForDeploymentPostprocessing = 0;
		};
		94BF006E1D38155C00BD2C83 /* Sources */ = {
			isa = PBXSourcesBuildPhase;
			buildActionMask = 2147483647;
			files = (
				94BF00751D38155C00BD2C83 /* ISSTrackerTests.swift in Sources */,
			);
			runOnlyForDeploymentPostprocessing = 0;
		};
/* End PBXSourcesBuildPhase section */

/* Begin PBXTargetDependency section */
		94BF00781D38155C00BD2C83 /* PBXTargetDependency */ = {
			isa = PBXTargetDependency;
			target = 9453B7AC1D3811A3004B67D0 /* ISSTracker */;
			targetProxy = 94BF00771D38155C00BD2C83 /* PBXContainerItemProxy */;
		};
/* End PBXTargetDependency section */

/* Begin PBXVariantGroup section */
		9453B7B61D3811A4004B67D0 /* Main.storyboard */ = {
			isa = PBXVariantGroup;
			children = (
				9453B7B71D3811A4004B67D0 /* Base */,
			);
			name = Main.storyboard;
			sourceTree = "<group>";
		};
		9453B7BB1D3811A4004B67D0 /* LaunchScreen.storyboard */ = {
			isa = PBXVariantGroup;
			children = (
				9453B7BC1D3811A4004B67D0 /* Base */,
			);
			name = LaunchScreen.storyboard;
			sourceTree = "<group>";
		};
/* End PBXVariantGroup section */

/* Begin XCBuildConfiguration section */
		9453B7CA1D3811A4004B67D0 /* Debug */ = {
			isa = XCBuildConfiguration;
			buildSettings = {
				ALWAYS_SEARCH_USER_PATHS = NO;
				CLANG_ANALYZER_NONNULL = YES;
				CLANG_CXX_LANGUAGE_STANDARD = "gnu++0x";
				CLANG_CXX_LIBRARY = "libc++";
				CLANG_ENABLE_MODULES = YES;
				CLANG_ENABLE_OBJC_ARC = YES;
				CLANG_WARN_BOOL_CONVERSION = YES;
				CLANG_WARN_CONSTANT_CONVERSION = YES;
				CLANG_WARN_DIRECT_OBJC_ISA_USAGE = YES_ERROR;
				CLANG_WARN_EMPTY_BODY = YES;
				CLANG_WARN_ENUM_CONVERSION = YES;
				CLANG_WARN_INT_CONVERSION = YES;
				CLANG_WARN_OBJC_ROOT_CLASS = YES_ERROR;
				CLANG_WARN_UNREACHABLE_CODE = YES;
				CLANG_WARN__DUPLICATE_METHOD_MATCH = YES;
				"CODE_SIGN_IDENTITY[sdk=iphoneos*]" = "iPhone Developer";
				COPY_PHASE_STRIP = NO;
				DEBUG_INFORMATION_FORMAT = dwarf;
				ENABLE_STRICT_OBJC_MSGSEND = YES;
				ENABLE_TESTABILITY = YES;
				GCC_C_LANGUAGE_STANDARD = gnu99;
				GCC_DYNAMIC_NO_PIC = NO;
				GCC_NO_COMMON_BLOCKS = YES;
				GCC_OPTIMIZATION_LEVEL = 0;
				GCC_PREPROCESSOR_DEFINITIONS = (
					"DEBUG=1",
					"$(inherited)",
				);
				GCC_WARN_64_TO_32_BIT_CONVERSION = YES;
				GCC_WARN_ABOUT_RETURN_TYPE = YES_ERROR;
				GCC_WARN_UNDECLARED_SELECTOR = YES;
				GCC_WARN_UNINITIALIZED_AUTOS = YES_AGGRESSIVE;
				GCC_WARN_UNUSED_FUNCTION = YES;
				GCC_WARN_UNUSED_VARIABLE = YES;
				IPHONEOS_DEPLOYMENT_TARGET = 9.3;
				MTL_ENABLE_DEBUG_INFO = YES;
				ONLY_ACTIVE_ARCH = YES;
				SDKROOT = iphoneos;
				SWIFT_OPTIMIZATION_LEVEL = "-Onone";
			};
			name = Debug;
		};
		9453B7CB1D3811A4004B67D0 /* Release */ = {
			isa = XCBuildConfiguration;
			buildSettings = {
				ALWAYS_SEARCH_USER_PATHS = NO;
				CLANG_ANALYZER_NONNULL = YES;
				CLANG_CXX_LANGUAGE_STANDARD = "gnu++0x";
				CLANG_CXX_LIBRARY = "libc++";
				CLANG_ENABLE_MODULES = YES;
				CLANG_ENABLE_OBJC_ARC = YES;
				CLANG_WARN_BOOL_CONVERSION = YES;
				CLANG_WARN_CONSTANT_CONVERSION = YES;
				CLANG_WARN_DIRECT_OBJC_ISA_USAGE = YES_ERROR;
				CLANG_WARN_EMPTY_BODY = YES;
				CLANG_WARN_ENUM_CONVERSION = YES;
				CLANG_WARN_INT_CONVERSION = YES;
				CLANG_WARN_OBJC_ROOT_CLASS = YES_ERROR;
				CLANG_WARN_UNREACHABLE_CODE = YES;
				CLANG_WARN__DUPLICATE_METHOD_MATCH = YES;
				"CODE_SIGN_IDENTITY[sdk=iphoneos*]" = "iPhone Developer";
				COPY_PHASE_STRIP = NO;
				DEBUG_INFORMATION_FORMAT = "dwarf-with-dsym";
				ENABLE_NS_ASSERTIONS = NO;
				ENABLE_STRICT_OBJC_MSGSEND = YES;
				GCC_C_LANGUAGE_STANDARD = gnu99;
				GCC_NO_COMMON_BLOCKS = YES;
				GCC_WARN_64_TO_32_BIT_CONVERSION = YES;
				GCC_WARN_ABOUT_RETURN_TYPE = YES_ERROR;
				GCC_WARN_UNDECLARED_SELECTOR = YES;
				GCC_WARN_UNINITIALIZED_AUTOS = YES_AGGRESSIVE;
				GCC_WARN_UNUSED_FUNCTION = YES;
				GCC_WARN_UNUSED_VARIABLE = YES;
				IPHONEOS_DEPLOYMENT_TARGET = 9.3;
				MTL_ENABLE_DEBUG_INFO = NO;
				SDKROOT = iphoneos;
				VALIDATE_PRODUCT = YES;
			};
			name = Release;
		};
		9453B7CD1D3811A4004B67D0 /* Debug */ = {
			isa = XCBuildConfiguration;
			baseConfigurationReference = D962FDDB23F4AEB0FDF44DBD /* Pods-ISSTracker.debug.xcconfig */;
			buildSettings = {
				ASSETCATALOG_COMPILER_APPICON_NAME = AppIcon;
				INFOPLIST_FILE = ISSTracker/Info.plist;
				LD_RUNPATH_SEARCH_PATHS = "$(inherited) @executable_path/Frameworks";
				PRODUCT_BUNDLE_IDENTIFIER = com.bothpoints.ISSTracker;
				PRODUCT_NAME = "$(TARGET_NAME)";
			};
			name = Debug;
		};
		9453B7CE1D3811A4004B67D0 /* Release */ = {
			isa = XCBuildConfiguration;
			baseConfigurationReference = 18E28C8AC61D6978BA708FB9 /* Pods-ISSTracker.release.xcconfig */;
			buildSettings = {
				ASSETCATALOG_COMPILER_APPICON_NAME = AppIcon;
				INFOPLIST_FILE = ISSTracker/Info.plist;
				LD_RUNPATH_SEARCH_PATHS = "$(inherited) @executable_path/Frameworks";
				PRODUCT_BUNDLE_IDENTIFIER = com.bothpoints.ISSTracker;
				PRODUCT_NAME = "$(TARGET_NAME)";
			};
			name = Release;
		};
		94BF007A1D38155C00BD2C83 /* Debug */ = {
			isa = XCBuildConfiguration;
			buildSettings = {
				BUNDLE_LOADER = "$(TEST_HOST)";
				INFOPLIST_FILE = ISSTrackerTests/Info.plist;
				LD_RUNPATH_SEARCH_PATHS = "$(inherited) @executable_path/Frameworks @loader_path/Frameworks";
				PRODUCT_BUNDLE_IDENTIFIER = com.bothpoints.ISSTrackerTests;
				PRODUCT_NAME = "$(TARGET_NAME)";
				TEST_HOST = "$(BUILT_PRODUCTS_DIR)/ISSTracker.app/ISSTracker";
			};
			name = Debug;
		};
		94BF007B1D38155C00BD2C83 /* Release */ = {
			isa = XCBuildConfiguration;
			buildSettings = {
				BUNDLE_LOADER = "$(TEST_HOST)";
				INFOPLIST_FILE = ISSTrackerTests/Info.plist;
				LD_RUNPATH_SEARCH_PATHS = "$(inherited) @executable_path/Frameworks @loader_path/Frameworks";
				PRODUCT_BUNDLE_IDENTIFIER = com.bothpoints.ISSTrackerTests;
				PRODUCT_NAME = "$(TARGET_NAME)";
				TEST_HOST = "$(BUILT_PRODUCTS_DIR)/ISSTracker.app/ISSTracker";
			};
			name = Release;
		};
/* End XCBuildConfiguration section */

/* Begin XCConfigurationList section */
		9453B7A81D3811A3004B67D0 /* Build configuration list for PBXProject "ISSTracker" */ = {
			isa = XCConfigurationList;
			buildConfigurations = (
				9453B7CA1D3811A4004B67D0 /* Debug */,
				9453B7CB1D3811A4004B67D0 /* Release */,
			);
			defaultConfigurationIsVisible = 0;
			defaultConfigurationName = Release;
		};
		9453B7CC1D3811A4004B67D0 /* Build configuration list for PBXNativeTarget "ISSTracker" */ = {
			isa = XCConfigurationList;
			buildConfigurations = (
				9453B7CD1D3811A4004B67D0 /* Debug */,
				9453B7CE1D3811A4004B67D0 /* Release */,
			);
			defaultConfigurationIsVisible = 0;
			defaultConfigurationName = Release;
		};
		94BF00791D38155C00BD2C83 /* Build configuration list for PBXNativeTarget "ISSTrackerTests" */ = {
			isa = XCConfigurationList;
			buildConfigurations = (
				94BF007A1D38155C00BD2C83 /* Debug */,
				94BF007B1D38155C00BD2C83 /* Release */,
			);
			defaultConfigurationIsVisible = 0;
			defaultConfigurationName = Release;
		};
/* End XCConfigurationList section */
	};
	rootObject = 9453B7A51D3811A3004B67D0 /* Project object */;
}
