// !$*UTF8*$!
{
	archiveVersion = 1;
	classes = {
	};
	objectVersion = 46;
	objects = {

/* Begin PBXBuildFile section */
		9453B7B11D3811A4004B67D0 /* AppDelegate.swift in Sources */ = {isa = PBXBuildFile; fileRef = 9453B7B01D3811A4004B67D0 /* AppDelegate.swift */; };
		9453B7B81D3811A4004B67D0 /* Main.storyboard in Resources */ = {isa = PBXBuildFile; fileRef = 9453B7B61D3811A4004B67D0 /* Main.storyboard */; };
		9453B7BA1D3811A4004B67D0 /* Assets.xcassets in Resources */ = {isa = PBXBuildFile; fileRef = 9453B7B91D3811A4004B67D0 /* Assets.xcassets */; };
		9453B7BD1D3811A4004B67D0 /* LaunchScreen.storyboard in Resources */ = {isa = PBXBuildFile; fileRef = 9453B7BB1D3811A4004B67D0 /* LaunchScreen.storyboard */; };
		9453B7C81D3811A4004B67D0 /* ISSTrackerTests.swift in Sources */ = {isa = PBXBuildFile; fileRef = 9453B7C71D3811A4004B67D0 /* ISSTrackerTests.swift */; };
/* End PBXBuildFile section */

/* Begin PBXContainerItemProxy section */
		9453B7C41D3811A4004B67D0 /* PBXContainerItemProxy */ = {
			isa = PBXContainerItemProxy;
			containerPortal = 9453B7A51D3811A3004B67D0 /* Project object */;
			proxyType = 1;
			remoteGlobalIDString = 9453B7AC1D3811A3004B67D0;
			remoteInfo = ISSTracker;
		};
/* End PBXContainerItemProxy section */

/* Begin PBXFileReference section */
		9453B7AD1D3811A3004B67D0 /* ISSTracker.app */ = {isa = PBXFileReference; explicitFileType = wrapper.application; includeInIndex = 0; path = ISSTracker.app; sourceTree = BUILT_PRODUCTS_DIR; };
		9453B7B01D3811A4004B67D0 /* AppDelegate.swift */ = {isa = PBXFileReference; lastKnownFileType = sourcecode.swift; path = AppDelegate.swift; sourceTree = "<group>"; };
		9453B7B71D3811A4004B67D0 /* Base */ = {isa = PBXFileReference; lastKnownFileType = file.storyboard; name = Base; path = Base.lproj/Main.storyboard; sourceTree = "<group>"; };
		9453B7B91D3811A4004B67D0 /* Assets.xcassets */ = {isa = PBXFileReference; lastKnownFileType = folder.assetcatalog; path = Assets.xcassets; sourceTree = "<group>"; };
		9453B7BC1D3811A4004B67D0 /* Base */ = {isa = PBXFileReference; lastKnownFileType = file.storyboard; name = Base; path = Base.lproj/LaunchScreen.storyboard; sourceTree = "<group>"; };
		9453B7BE1D3811A4004B67D0 /* Info.plist */ = {isa = PBXFileReference; lastKnownFileType = text.plist.xml; path = Info.plist; sourceTree = "<group>"; };
		9453B7C31D3811A4004B67D0 /* ISSTrackerTests.xctest */ = {isa = PBXFileReference; explicitFileType = wrapper.cfbundle; includeInIndex = 0; path = ISSTrackerTests.xctest; sourceTree = BUILT_PRODUCTS_DIR; };
		9453B7C71D3811A4004B67D0 /* ISSTrackerTests.swift */ = {isa = PBXFileReference; lastKnownFileType = sourcecode.swift; path = ISSTrackerTests.swift; sourceTree = "<group>"; };
		9453B7C91D3811A4004B67D0 /* Info.plist */ = {isa = PBXFileReference; lastKnownFileType = text.plist.xml; path = Info.plist; sourceTree = "<group>"; };
/* End PBXFileReference section */

/* Begin PBXFrameworksBuildPhase section */
		9453B7AA1D3811A3004B67D0 /* Frameworks */ = {
			isa = PBXFrameworksBuildPhase;
			buildActionMask = 2147483647;
			files = (
			);
			runOnlyForDeploymentPostprocessing = 0;
		};
		9453B7C01D3811A4004B67D0 /* Frameworks */ = {
			isa = PBXFrameworksBuildPhase;
			buildActionMask = 2147483647;
			files = (
			);
			runOnlyForDeploymentPostprocessing = 0;
		};
/* End PBXFrameworksBuildPhase section */

/* Begin PBXGroup section */
		9453B7A41D3811A3004B67D0 = {
			isa = PBXGroup;
			children = (
				9453B7AF1D3811A4004B67D0 /* ISSTracker */,
				9453B7C61D3811A4004B67D0 /* ISSTrackerTests */,
				9453B7AE1D3811A3004B67D0 /* Products */,
			);
			sourceTree = "<group>";
		};
		9453B7AE1D3811A3004B67D0 /* Products */ = {
			isa = PBXGroup;
			children = (
				9453B7AD1D3811A3004B67D0 /* ISSTracker.app */,
				9453B7C31D3811A4004B67D0 /* ISSTrackerTests.xctest */,
			);
			name = Products;
			sourceTree = "<group>";
		};
		9453B7AF1D3811A4004B67D0 /* ISSTracker */ = {
			isa = PBXGroup;
			children = (
				9453B7B01D3811A4004B67D0 /* AppDelegate.swift */,
				9453B7B61D3811A4004B67D0 /* Main.storyboard */,
				9453B7B91D3811A4004B67D0 /* Assets.xcassets */,
				9453B7BB1D3811A4004B67D0 /* LaunchScreen.storyboard */,
				9453B7BE1D3811A4004B67D0 /* Info.plist */,
			);
			path = ISSTracker;
			sourceTree = "<group>";
		};
		9453B7C61D3811A4004B67D0 /* ISSTrackerTests */ = {
			isa = PBXGroup;
			children = (
				9453B7C71D3811A4004B67D0 /* ISSTrackerTests.swift */,
				9453B7C91D3811A4004B67D0 /* Info.plist */,
			);
			path = ISSTrackerTests;
			sourceTree = "<group>";
		};
/* End PBXGroup section */

/* Begin PBXNativeTarget section */
		9453B7AC1D3811A3004B67D0 /* ISSTracker */ = {
			isa = PBXNativeTarget;
			buildConfigurationList = 9453B7CC1D3811A4004B67D0 /* Build configuration list for PBXNativeTarget "ISSTracker" */;
			buildPhases = (
				9453B7A91D3811A3004B67D0 /* Sources */,
				9453B7AA1D3811A3004B67D0 /* Frameworks */,
				9453B7AB1D3811A3004B67D0 /* Resources */,
			);
			buildRules = (
			);
			dependencies = (
			);
			name = ISSTracker;
			productName = ISSTracker;
			productReference = 9453B7AD1D3811A3004B67D0 /* ISSTracker.app */;
			productType = "com.apple.product-type.application";
		};
		9453B7C21D3811A4004B67D0 /* ISSTrackerTests */ = {
			isa = PBXNativeTarget;
			buildConfigurationList = 9453B7CF1D3811A4004B67D0 /* Build configuration list for PBXNativeTarget "ISSTrackerTests" */;
			buildPhases = (
				9453B7BF1D3811A4004B67D0 /* Sources */,
				9453B7C01D3811A4004B67D0 /* Frameworks */,
				9453B7C11D3811A4004B67D0 /* Resources */,
			);
			buildRules = (
			);
			dependencies = (
				9453B7C51D3811A4004B67D0 /* PBXTargetDependency */,
			);
			name = ISSTrackerTests;
			productName = ISSTrackerTests;
			productReference = 9453B7C31D3811A4004B67D0 /* ISSTrackerTests.xctest */;
			productType = "com.apple.product-type.bundle.unit-test";
		};
/* End PBXNativeTarget section */

/* Begin PBXProject section */
		9453B7A51D3811A3004B67D0 /* Project object */ = {
			isa = PBXProject;
			attributes = {
				LastSwiftUpdateCheck = 0730;
				LastUpgradeCheck = 0730;
				ORGANIZATIONNAME = BothPoints;
				TargetAttributes = {
					9453B7AC1D3811A3004B67D0 = {
						CreatedOnToolsVersion = 7.3.1;
					};
					9453B7C21D3811A4004B67D0 = {
						CreatedOnToolsVersion = 7.3.1;
						TestTargetID = 9453B7AC1D3811A3004B67D0;
					};
				};
			};
			buildConfigurationList = 9453B7A81D3811A3004B67D0 /* Build configuration list for PBXProject "ISSTracker" */;
			compatibilityVersion = "Xcode 3.2";
			developmentRegion = English;
			hasScannedForEncodings = 0;
			knownRegions = (
				en,
				Base,
			);
			mainGroup = 9453B7A41D3811A3004B67D0;
			productRefGroup = 9453B7AE1D3811A3004B67D0 /* Products */;
			projectDirPath = "";
			projectRoot = "";
			targets = (
				9453B7AC1D3811A3004B67D0 /* ISSTracker */,
				9453B7C21D3811A4004B67D0 /* ISSTrackerTests */,
			);
		};
/* End PBXProject section */

/* Begin PBXResourcesBuildPhase section */
		9453B7AB1D3811A3004B67D0 /* Resources */ = {
			isa = PBXResourcesBuildPhase;
			buildActionMask = 2147483647;
			files = (
				9453B7BD1D3811A4004B67D0 /* LaunchScreen.storyboard in Resources */,
				9453B7BA1D3811A4004B67D0 /* Assets.xcassets in Resources */,
				9453B7B81D3811A4004B67D0 /* Main.storyboard in Resources */,
			);
			runOnlyForDeploymentPostprocessing = 0;
		};
		9453B7C11D3811A4004B67D0 /* Resources */ = {
			isa = PBXResourcesBuildPhase;
			buildActionMask = 2147483647;
			files = (
			);
			runOnlyForDeploymentPostprocessing = 0;
		};
/* End PBXResourcesBuildPhase section */

/* Begin PBXSourcesBuildPhase section */
		9453B7A91D3811A3004B67D0 /* Sources */ = {
			isa = PBXSourcesBuildPhase;
			buildActionMask = 2147483647;
			files = (
				9453B7B11D3811A4004B67D0 /* AppDelegate.swift in Sources */,
			);
			runOnlyForDeploymentPostprocessing = 0;
		};
		9453B7BF1D3811A4004B67D0 /* Sources */ = {
			isa = PBXSourcesBuildPhase;
			buildActionMask = 2147483647;
			files = (
				9453B7C81D3811A4004B67D0 /* ISSTrackerTests.swift in Sources */,
			);
			runOnlyForDeploymentPostprocessing = 0;
		};
/* End PBXSourcesBuildPhase section */

/* Begin PBXTargetDependency section */
		9453B7C51D3811A4004B67D0 /* PBXTargetDependency */ = {
			isa = PBXTargetDependency;
			target = 9453B7AC1D3811A3004B67D0 /* ISSTracker */;
			targetProxy = 9453B7C41D3811A4004B67D0 /* PBXContainerItemProxy */;
		};
/* End PBXTargetDependency section */

/* Begin PBXVariantGroup section */
		9453B7B61D3811A4004B67D0 /* Main.storyboard */ = {
			isa = PBXVariantGroup;
			children = (
				9453B7B71D3811A4004B67D0 /* Base */,
			);
			name = Main.storyboard;
			sourceTree = "<group>";
		};
		9453B7BB1D3811A4004B67D0 /* LaunchScreen.storyboard */ = {
			isa = PBXVariantGroup;
			children = (
				9453B7BC1D3811A4004B67D0 /* Base */,
			);
			name = LaunchScreen.storyboard;
			sourceTree = "<group>";
		};
/* End PBXVariantGroup section */

/* Begin XCBuildConfiguration section */
		9453B7CA1D3811A4004B67D0 /* Debug */ = {
			isa = XCBuildConfiguration;
			buildSettings = {
				ALWAYS_SEARCH_USER_PATHS = NO;
				CLANG_ANALYZER_NONNULL = YES;
				CLANG_CXX_LANGUAGE_STANDARD = "gnu++0x";
				CLANG_CXX_LIBRARY = "libc++";
				CLANG_ENABLE_MODULES = YES;
				CLANG_ENABLE_OBJC_ARC = YES;
				CLANG_WARN_BOOL_CONVERSION = YES;
				CLANG_WARN_CONSTANT_CONVERSION = YES;
				CLANG_WARN_DIRECT_OBJC_ISA_USAGE = YES_ERROR;
				CLANG_WARN_EMPTY_BODY = YES;
				CLANG_WARN_ENUM_CONVERSION = YES;
				CLANG_WARN_INT_CONVERSION = YES;
				CLANG_WARN_OBJC_ROOT_CLASS = YES_ERROR;
				CLANG_WARN_UNREACHABLE_CODE = YES;
				CLANG_WARN__DUPLICATE_METHOD_MATCH = YES;
				"CODE_SIGN_IDENTITY[sdk=iphoneos*]" = "iPhone Developer";
				COPY_PHASE_STRIP = NO;
				DEBUG_INFORMATION_FORMAT = dwarf;
				ENABLE_STRICT_OBJC_MSGSEND = YES;
				ENABLE_TESTABILITY = YES;
				GCC_C_LANGUAGE_STANDARD = gnu99;
				GCC_DYNAMIC_NO_PIC = NO;
				GCC_NO_COMMON_BLOCKS = YES;
				GCC_OPTIMIZATION_LEVEL = 0;
				GCC_PREPROCESSOR_DEFINITIONS = (
					"DEBUG=1",
					"$(inherited)",
				);
				GCC_WARN_64_TO_32_BIT_CONVERSION = YES;
				GCC_WARN_ABOUT_RETURN_TYPE = YES_ERROR;
				GCC_WARN_UNDECLARED_SELECTOR = YES;
				GCC_WARN_UNINITIALIZED_AUTOS = YES_AGGRESSIVE;
				GCC_WARN_UNUSED_FUNCTION = YES;
				GCC_WARN_UNUSED_VARIABLE = YES;
				IPHONEOS_DEPLOYMENT_TARGET = 9.3;
				MTL_ENABLE_DEBUG_INFO = YES;
				ONLY_ACTIVE_ARCH = YES;
				SDKROOT = iphoneos;
				SWIFT_OPTIMIZATION_LEVEL = "-Onone";
			};
			name = Debug;
		};
		9453B7CB1D3811A4004B67D0 /* Release */ = {
			isa = XCBuildConfiguration;
			buildSettings = {
				ALWAYS_SEARCH_USER_PATHS = NO;
				CLANG_ANALYZER_NONNULL = YES;
				CLANG_CXX_LANGUAGE_STANDARD = "gnu++0x";
				CLANG_CXX_LIBRARY = "libc++";
				CLANG_ENABLE_MODULES = YES;
				CLANG_ENABLE_OBJC_ARC = YES;
				CLANG_WARN_BOOL_CONVERSION = YES;
				CLANG_WARN_CONSTANT_CONVERSION = YES;
				CLANG_WARN_DIRECT_OBJC_ISA_USAGE = YES_ERROR;
				CLANG_WARN_EMPTY_BODY = YES;
				CLANG_WARN_ENUM_CONVERSION = YES;
				CLANG_WARN_INT_CONVERSION = YES;
				CLANG_WARN_OBJC_ROOT_CLASS = YES_ERROR;
				CLANG_WARN_UNREACHABLE_CODE = YES;
				CLANG_WARN__DUPLICATE_METHOD_MATCH = YES;
				"CODE_SIGN_IDENTITY[sdk=iphoneos*]" = "iPhone Developer";
				COPY_PHASE_STRIP = NO;
				DEBUG_INFORMATION_FORMAT = "dwarf-with-dsym";
				ENABLE_NS_ASSERTIONS = NO;
				ENABLE_STRICT_OBJC_MSGSEND = YES;
				GCC_C_LANGUAGE_STANDARD = gnu99;
				GCC_NO_COMMON_BLOCKS = YES;
				GCC_WARN_64_TO_32_BIT_CONVERSION = YES;
				GCC_WARN_ABOUT_RETURN_TYPE = YES_ERROR;
				GCC_WARN_UNDECLARED_SELECTOR = YES;
				GCC_WARN_UNINITIALIZED_AUTOS = YES_AGGRESSIVE;
				GCC_WARN_UNUSED_FUNCTION = YES;
				GCC_WARN_UNUSED_VARIABLE = YES;
				IPHONEOS_DEPLOYMENT_TARGET = 9.3;
				MTL_ENABLE_DEBUG_INFO = NO;
				SDKROOT = iphoneos;
				VALIDATE_PRODUCT = YES;
			};
			name = Release;
		};
		9453B7CD1D3811A4004B67D0 /* Debug */ = {
			isa = XCBuildConfiguration;
			buildSettings = {
				ASSETCATALOG_COMPILER_APPICON_NAME = AppIcon;
				INFOPLIST_FILE = ISSTracker/Info.plist;
				LD_RUNPATH_SEARCH_PATHS = "$(inherited) @executable_path/Frameworks";
				PRODUCT_BUNDLE_IDENTIFIER = com.bothpoints.ISSTracker;
				PRODUCT_NAME = "$(TARGET_NAME)";
			};
			name = Debug;
		};
		9453B7CE1D3811A4004B67D0 /* Release */ = {
			isa = XCBuildConfiguration;
			buildSettings = {
				ASSETCATALOG_COMPILER_APPICON_NAME = AppIcon;
				INFOPLIST_FILE = ISSTracker/Info.plist;
				LD_RUNPATH_SEARCH_PATHS = "$(inherited) @executable_path/Frameworks";
				PRODUCT_BUNDLE_IDENTIFIER = com.bothpoints.ISSTracker;
				PRODUCT_NAME = "$(TARGET_NAME)";
			};
			name = Release;
		};
		9453B7D01D3811A4004B67D0 /* Debug */ = {
			isa = XCBuildConfiguration;
			buildSettings = {
				BUNDLE_LOADER = "$(TEST_HOST)";
				INFOPLIST_FILE = ISSTrackerTests/Info.plist;
				LD_RUNPATH_SEARCH_PATHS = "$(inherited) @executable_path/Frameworks @loader_path/Frameworks";
				PRODUCT_BUNDLE_IDENTIFIER = com.bothpoints.ISSTrackerTests;
				PRODUCT_NAME = "$(TARGET_NAME)";
				TEST_HOST = "$(BUILT_PRODUCTS_DIR)/ISSTracker.app/ISSTracker";
			};
			name = Debug;
		};
		9453B7D11D3811A4004B67D0 /* Release */ = {
			isa = XCBuildConfiguration;
			buildSettings = {
				BUNDLE_LOADER = "$(TEST_HOST)";
				INFOPLIST_FILE = ISSTrackerTests/Info.plist;
				LD_RUNPATH_SEARCH_PATHS = "$(inherited) @executable_path/Frameworks @loader_path/Frameworks";
				PRODUCT_BUNDLE_IDENTIFIER = com.bothpoints.ISSTrackerTests;
				PRODUCT_NAME = "$(TARGET_NAME)";
				TEST_HOST = "$(BUILT_PRODUCTS_DIR)/ISSTracker.app/ISSTracker";
			};
			name = Release;
		};
/* End XCBuildConfiguration section */

/* Begin XCConfigurationList section */
		9453B7A81D3811A3004B67D0 /* Build configuration list for PBXProject "ISSTracker" */ = {
			isa = XCConfigurationList;
			buildConfigurations = (
				9453B7CA1D3811A4004B67D0 /* Debug */,
				9453B7CB1D3811A4004B67D0 /* Release */,
			);
			defaultConfigurationIsVisible = 0;
			defaultConfigurationName = Release;
		};
		9453B7CC1D3811A4004B67D0 /* Build configuration list for PBXNativeTarget "ISSTracker" */ = {
			isa = XCConfigurationList;
			buildConfigurations = (
				9453B7CD1D3811A4004B67D0 /* Debug */,
				9453B7CE1D3811A4004B67D0 /* Release */,
			);
			defaultConfigurationIsVisible = 0;
		};
		9453B7CF1D3811A4004B67D0 /* Build configuration list for PBXNativeTarget "ISSTrackerTests" */ = {
			isa = XCConfigurationList;
			buildConfigurations = (
				9453B7D01D3811A4004B67D0 /* Debug */,
				9453B7D11D3811A4004B67D0 /* Release */,
			);
			defaultConfigurationIsVisible = 0;
		};
/* End XCConfigurationList section */
	};
	rootObject = 9453B7A51D3811A3004B67D0 /* Project object */;
}
